// !$*UTF8*$!
{
	archiveVersion = 1;
	classes = {
	};
	objectVersion = 51;
	objects = {

/* Begin PBXBuildFile section */
		226B48E42495918F00473DF1 /* PatientInstructionsNavigationBar.swift in Sources */ = {isa = PBXBuildFile; fileRef = 226B48E32495918F00473DF1 /* PatientInstructionsNavigationBar.swift */; };
		226B48E62495FCBF00473DF1 /* PatientInstructionsGridView.swift in Sources */ = {isa = PBXBuildFile; fileRef = 226B48E52495FCBF00473DF1 /* PatientInstructionsGridView.swift */; };
		226B48E82495FD0A00473DF1 /* PatientInstructionsModel.swift in Sources */ = {isa = PBXBuildFile; fileRef = 226B48E72495FD0A00473DF1 /* PatientInstructionsModel.swift */; };
		226B48EA24963D5000473DF1 /* PatientInstructionsCardView.swift in Sources */ = {isa = PBXBuildFile; fileRef = 226B48E924963D5000473DF1 /* PatientInstructionsCardView.swift */; };
		226B48EC24969D3C00473DF1 /* HScrollViewController.swift in Sources */ = {isa = PBXBuildFile; fileRef = 226B48EB24969D3C00473DF1 /* HScrollViewController.swift */; };
		226B48EE249855E100473DF1 /* HomeView2.swift in Sources */ = {isa = PBXBuildFile; fileRef = 226B48ED249855E100473DF1 /* HomeView2.swift */; };
		22B2E8022493DAE000FE0D0A /* CalendarView.swift in Sources */ = {isa = PBXBuildFile; fileRef = 22B2E8012493DAE000FE0D0A /* CalendarView.swift */; };
		22D8EB7A2464737400F24067 /* AppDelegate.swift in Sources */ = {isa = PBXBuildFile; fileRef = 22D8EB792464737400F24067 /* AppDelegate.swift */; };
		22D8EB7C2464737400F24067 /* SceneDelegate.swift in Sources */ = {isa = PBXBuildFile; fileRef = 22D8EB7B2464737400F24067 /* SceneDelegate.swift */; };
		22D8EB7E2464737400F24067 /* ContentView.swift in Sources */ = {isa = PBXBuildFile; fileRef = 22D8EB7D2464737400F24067 /* ContentView.swift */; };
		22D8EB802464737D00F24067 /* Assets.xcassets in Resources */ = {isa = PBXBuildFile; fileRef = 22D8EB7F2464737D00F24067 /* Assets.xcassets */; };
		22D8EB832464737D00F24067 /* Preview Assets.xcassets in Resources */ = {isa = PBXBuildFile; fileRef = 22D8EB822464737D00F24067 /* Preview Assets.xcassets */; };
		22D8EB862464737D00F24067 /* LaunchScreen.storyboard in Resources */ = {isa = PBXBuildFile; fileRef = 22D8EB842464737D00F24067 /* LaunchScreen.storyboard */; };
		22D8EB91246DBDB200F24067 /* HomeView.swift in Sources */ = {isa = PBXBuildFile; fileRef = 22D8EB90246DBDB200F24067 /* HomeView.swift */; };
		22D8EB93246DBDDB00F24067 /* DiscussionView.swift in Sources */ = {isa = PBXBuildFile; fileRef = 22D8EB92246DBDDB00F24067 /* DiscussionView.swift */; };
		22D8EB95246DBDEA00F24067 /* Patient_InstructionsView.swift in Sources */ = {isa = PBXBuildFile; fileRef = 22D8EB94246DBDEA00F24067 /* Patient_InstructionsView.swift */; };
		22D8EB97246DBE0B00F24067 /* SettingView.swift in Sources */ = {isa = PBXBuildFile; fileRef = 22D8EB96246DBE0B00F24067 /* SettingView.swift */; };
		22D8EB99246DC65F00F24067 /* RecordView.swift in Sources */ = {isa = PBXBuildFile; fileRef = 22D8EB98246DC65F00F24067 /* RecordView.swift */; };
		22D8EB9B246DC69600F24067 /* LoginView.swift in Sources */ = {isa = PBXBuildFile; fileRef = 22D8EB9A246DC69600F24067 /* LoginView.swift */; };
		22DB49A2247E84060077B10D /* CardModel.swift in Sources */ = {isa = PBXBuildFile; fileRef = 22DB49A1247E84060077B10D /* CardModel.swift */; };
		22DB49A6247ECD250077B10D /* profileView.swift in Sources */ = {isa = PBXBuildFile; fileRef = 22DB49A5247ECD250077B10D /* profileView.swift */; };
		58134C638CB91C8AE7932EDD /* Pods_A_Gu.framework in Frameworks */ = {isa = PBXBuildFile; fileRef = C62B6245DF80A44ABBC11812 /* Pods_A_Gu.framework */; };
/* End PBXBuildFile section */

/* Begin PBXFileReference section */
		226B48E32495918F00473DF1 /* PatientInstructionsNavigationBar.swift */ = {isa = PBXFileReference; lastKnownFileType = sourcecode.swift; path = PatientInstructionsNavigationBar.swift; sourceTree = "<group>"; };
		226B48E52495FCBF00473DF1 /* PatientInstructionsGridView.swift */ = {isa = PBXFileReference; lastKnownFileType = sourcecode.swift; path = PatientInstructionsGridView.swift; sourceTree = "<group>"; };
		226B48E72495FD0A00473DF1 /* PatientInstructionsModel.swift */ = {isa = PBXFileReference; lastKnownFileType = sourcecode.swift; path = PatientInstructionsModel.swift; sourceTree = "<group>"; };
		226B48E924963D5000473DF1 /* PatientInstructionsCardView.swift */ = {isa = PBXFileReference; lastKnownFileType = sourcecode.swift; path = PatientInstructionsCardView.swift; sourceTree = "<group>"; };
		226B48EB24969D3C00473DF1 /* HScrollViewController.swift */ = {isa = PBXFileReference; lastKnownFileType = sourcecode.swift; path = HScrollViewController.swift; sourceTree = "<group>"; };
		226B48ED249855E100473DF1 /* HomeView2.swift */ = {isa = PBXFileReference; lastKnownFileType = sourcecode.swift; path = HomeView2.swift; sourceTree = "<group>"; };
		22B2E8012493DAE000FE0D0A /* CalendarView.swift */ = {isa = PBXFileReference; lastKnownFileType = sourcecode.swift; path = CalendarView.swift; sourceTree = "<group>"; };
		22D8EB762464737400F24067 /* A-Gu.app */ = {isa = PBXFileReference; explicitFileType = wrapper.application; includeInIndex = 0; path = "A-Gu.app"; sourceTree = BUILT_PRODUCTS_DIR; };
		22D8EB792464737400F24067 /* AppDelegate.swift */ = {isa = PBXFileReference; lastKnownFileType = sourcecode.swift; path = AppDelegate.swift; sourceTree = "<group>"; };
		22D8EB7B2464737400F24067 /* SceneDelegate.swift */ = {isa = PBXFileReference; lastKnownFileType = sourcecode.swift; path = SceneDelegate.swift; sourceTree = "<group>"; };
		22D8EB7D2464737400F24067 /* ContentView.swift */ = {isa = PBXFileReference; lastKnownFileType = sourcecode.swift; path = ContentView.swift; sourceTree = "<group>"; };
		22D8EB7F2464737D00F24067 /* Assets.xcassets */ = {isa = PBXFileReference; lastKnownFileType = folder.assetcatalog; path = Assets.xcassets; sourceTree = "<group>"; };
		22D8EB822464737D00F24067 /* Preview Assets.xcassets */ = {isa = PBXFileReference; lastKnownFileType = folder.assetcatalog; path = "Preview Assets.xcassets"; sourceTree = "<group>"; };
		22D8EB852464737D00F24067 /* Base */ = {isa = PBXFileReference; lastKnownFileType = file.storyboard; name = Base; path = Base.lproj/LaunchScreen.storyboard; sourceTree = "<group>"; };
		22D8EB872464737D00F24067 /* Info.plist */ = {isa = PBXFileReference; lastKnownFileType = text.plist.xml; path = Info.plist; sourceTree = "<group>"; };
		22D8EB90246DBDB200F24067 /* HomeView.swift */ = {isa = PBXFileReference; lastKnownFileType = sourcecode.swift; path = HomeView.swift; sourceTree = "<group>"; };
		22D8EB92246DBDDB00F24067 /* DiscussionView.swift */ = {isa = PBXFileReference; lastKnownFileType = sourcecode.swift; path = DiscussionView.swift; sourceTree = "<group>"; };
		22D8EB94246DBDEA00F24067 /* Patient_InstructionsView.swift */ = {isa = PBXFileReference; lastKnownFileType = sourcecode.swift; path = Patient_InstructionsView.swift; sourceTree = "<group>"; };
		22D8EB96246DBE0B00F24067 /* SettingView.swift */ = {isa = PBXFileReference; lastKnownFileType = sourcecode.swift; path = SettingView.swift; sourceTree = "<group>"; };
		22D8EB98246DC65F00F24067 /* RecordView.swift */ = {isa = PBXFileReference; lastKnownFileType = sourcecode.swift; path = RecordView.swift; sourceTree = "<group>"; };
		22D8EB9A246DC69600F24067 /* LoginView.swift */ = {isa = PBXFileReference; lastKnownFileType = sourcecode.swift; path = LoginView.swift; sourceTree = "<group>"; };
		22DB49A1247E84060077B10D /* CardModel.swift */ = {isa = PBXFileReference; lastKnownFileType = sourcecode.swift; path = CardModel.swift; sourceTree = "<group>"; };
		22DB49A5247ECD250077B10D /* profileView.swift */ = {isa = PBXFileReference; lastKnownFileType = sourcecode.swift; path = profileView.swift; sourceTree = "<group>"; };
		C62B6245DF80A44ABBC11812 /* Pods_A_Gu.framework */ = {isa = PBXFileReference; explicitFileType = wrapper.framework; includeInIndex = 0; path = Pods_A_Gu.framework; sourceTree = BUILT_PRODUCTS_DIR; };
		F8D99CFA315D7D5A8088C7FB /* Pods-A-Gu.debug.xcconfig */ = {isa = PBXFileReference; includeInIndex = 1; lastKnownFileType = text.xcconfig; name = "Pods-A-Gu.debug.xcconfig"; path = "Target Support Files/Pods-A-Gu/Pods-A-Gu.debug.xcconfig"; sourceTree = "<group>"; };
		FBCA9363DA305B16389AE231 /* Pods-A-Gu.release.xcconfig */ = {isa = PBXFileReference; includeInIndex = 1; lastKnownFileType = text.xcconfig; name = "Pods-A-Gu.release.xcconfig"; path = "Target Support Files/Pods-A-Gu/Pods-A-Gu.release.xcconfig"; sourceTree = "<group>"; };
/* End PBXFileReference section */

/* Begin PBXFrameworksBuildPhase section */
		22D8EB732464737400F24067 /* Frameworks */ = {
			isa = PBXFrameworksBuildPhase;
			buildActionMask = 2147483647;
			files = (
				58134C638CB91C8AE7932EDD /* Pods_A_Gu.framework in Frameworks */,
			);
			runOnlyForDeploymentPostprocessing = 0;
		};
/* End PBXFrameworksBuildPhase section */

/* Begin PBXGroup section */
		22D8EB6D2464737400F24067 = {
			isa = PBXGroup;
			children = (
				22D8EB782464737400F24067 /* A-Gu */,
				22D8EB772464737400F24067 /* Products */,
				36E2FF2893B77C4EF3A5EFED /* Pods */,
				B1FB24E7397E6104DB93A4F8 /* Frameworks */,
			);
			sourceTree = "<group>";
		};
		22D8EB772464737400F24067 /* Products */ = {
			isa = PBXGroup;
			children = (
				22D8EB762464737400F24067 /* A-Gu.app */,
			);
			name = Products;
			sourceTree = "<group>";
		};
		22D8EB782464737400F24067 /* A-Gu */ = {
			isa = PBXGroup;
			children = (
				22D8EB8F246DAECD00F24067 /* Views */,
				22D8EB8E246DAE3E00F24067 /* View Models */,
				22D8EB8D246DACE500F24067 /* Models */,
				22D8EB792464737400F24067 /* AppDelegate.swift */,
				22D8EB7B2464737400F24067 /* SceneDelegate.swift */,
				22D8EB7F2464737D00F24067 /* Assets.xcassets */,
				22D8EB842464737D00F24067 /* LaunchScreen.storyboard */,
				22D8EB872464737D00F24067 /* Info.plist */,
				22D8EB812464737D00F24067 /* Preview Content */,
			);
			path = "A-Gu";
			sourceTree = "<group>";
		};
		22D8EB812464737D00F24067 /* Preview Content */ = {
			isa = PBXGroup;
			children = (
				22D8EB822464737D00F24067 /* Preview Assets.xcassets */,
			);
			path = "Preview Content";
			sourceTree = "<group>";
		};
		22D8EB8D246DACE500F24067 /* Models */ = {
			isa = PBXGroup;
			children = (
				22DB49A1247E84060077B10D /* CardModel.swift */,
				226B48E72495FD0A00473DF1 /* PatientInstructionsModel.swift */,
			);
			path = Models;
			sourceTree = "<group>";
		};
		22D8EB8E246DAE3E00F24067 /* View Models */ = {
			isa = PBXGroup;
			children = (
			);
			path = "View Models";
			sourceTree = "<group>";
		};
		22D8EB8F246DAECD00F24067 /* Views */ = {
			isa = PBXGroup;
			children = (
				22D8EB7D2464737400F24067 /* ContentView.swift */,
				22D8EB90246DBDB200F24067 /* HomeView.swift */,
				22D8EB92246DBDDB00F24067 /* DiscussionView.swift */,
				22D8EB94246DBDEA00F24067 /* Patient_InstructionsView.swift */,
				22D8EB96246DBE0B00F24067 /* SettingView.swift */,
				22D8EB98246DC65F00F24067 /* RecordView.swift */,
				22D8EB9A246DC69600F24067 /* LoginView.swift */,
				22DB49A5247ECD250077B10D /* profileView.swift */,
				22B2E8012493DAE000FE0D0A /* CalendarView.swift */,
				226B48E32495918F00473DF1 /* PatientInstructionsNavigationBar.swift */,
				226B48E52495FCBF00473DF1 /* PatientInstructionsGridView.swift */,
				226B48E924963D5000473DF1 /* PatientInstructionsCardView.swift */,
				226B48EB24969D3C00473DF1 /* HScrollViewController.swift */,
				226B48ED249855E100473DF1 /* HomeView2.swift */,
			);
			path = Views;
			sourceTree = "<group>";
		};
		36E2FF2893B77C4EF3A5EFED /* Pods */ = {
			isa = PBXGroup;
			children = (
				F8D99CFA315D7D5A8088C7FB /* Pods-A-Gu.debug.xcconfig */,
				FBCA9363DA305B16389AE231 /* Pods-A-Gu.release.xcconfig */,
			);
			path = Pods;
			sourceTree = "<group>";
		};
		B1FB24E7397E6104DB93A4F8 /* Frameworks */ = {
			isa = PBXGroup;
			children = (
				C62B6245DF80A44ABBC11812 /* Pods_A_Gu.framework */,
			);
			name = Frameworks;
			sourceTree = "<group>";
		};
/* End PBXGroup section */

/* Begin PBXNativeTarget section */
		22D8EB752464737400F24067 /* A-Gu */ = {
			isa = PBXNativeTarget;
			buildConfigurationList = 22D8EB8A2464737D00F24067 /* Build configuration list for PBXNativeTarget "A-Gu" */;
			buildPhases = (
				D51AF28A688A0837D00E30E6 /* [CP] Check Pods Manifest.lock */,
				22D8EB722464737400F24067 /* Sources */,
				22D8EB732464737400F24067 /* Frameworks */,
				22D8EB742464737400F24067 /* Resources */,
				2D5498DB1F7875A6233025D8 /* [CP] Embed Pods Frameworks */,
			);
			buildRules = (
			);
			dependencies = (
			);
			name = "A-Gu";
			productName = "A-Gu";
			productReference = 22D8EB762464737400F24067 /* A-Gu.app */;
			productType = "com.apple.product-type.application";
		};
/* End PBXNativeTarget section */

/* Begin PBXProject section */
		22D8EB6E2464737400F24067 /* Project object */ = {
			isa = PBXProject;
			attributes = {
				LastSwiftUpdateCheck = 1140;
				LastUpgradeCheck = 1140;
				ORGANIZATIONNAME = Sam;
				TargetAttributes = {
					22D8EB752464737400F24067 = {
						CreatedOnToolsVersion = 11.4.1;
					};
				};
			};
			buildConfigurationList = 22D8EB712464737400F24067 /* Build configuration list for PBXProject "A-Gu" */;
			compatibilityVersion = "Xcode 9.3";
			developmentRegion = en;
			hasScannedForEncodings = 0;
			knownRegions = (
				en,
				Base,
			);
			mainGroup = 22D8EB6D2464737400F24067;
			productRefGroup = 22D8EB772464737400F24067 /* Products */;
			projectDirPath = "";
			projectRoot = "";
			targets = (
				22D8EB752464737400F24067 /* A-Gu */,
			);
		};
/* End PBXProject section */

/* Begin PBXResourcesBuildPhase section */
		22D8EB742464737400F24067 /* Resources */ = {
			isa = PBXResourcesBuildPhase;
			buildActionMask = 2147483647;
			files = (
				22D8EB862464737D00F24067 /* LaunchScreen.storyboard in Resources */,
				22D8EB832464737D00F24067 /* Preview Assets.xcassets in Resources */,
				22D8EB802464737D00F24067 /* Assets.xcassets in Resources */,
			);
			runOnlyForDeploymentPostprocessing = 0;
		};
/* End PBXResourcesBuildPhase section */

/* Begin PBXShellScriptBuildPhase section */
		2D5498DB1F7875A6233025D8 /* [CP] Embed Pods Frameworks */ = {
			isa = PBXShellScriptBuildPhase;
			buildActionMask = 2147483647;
			files = (
			);
			inputFileListPaths = (
				"${PODS_ROOT}/Target Support Files/Pods-A-Gu/Pods-A-Gu-frameworks-${CONFIGURATION}-input-files.xcfilelist",
			);
			name = "[CP] Embed Pods Frameworks";
			outputFileListPaths = (
				"${PODS_ROOT}/Target Support Files/Pods-A-Gu/Pods-A-Gu-frameworks-${CONFIGURATION}-output-files.xcfilelist",
			);
			runOnlyForDeploymentPostprocessing = 0;
			shellPath = /bin/sh;
			shellScript = "\"${PODS_ROOT}/Target Support Files/Pods-A-Gu/Pods-A-Gu-frameworks.sh\"\n";
			showEnvVarsInLog = 0;
		};
		D51AF28A688A0837D00E30E6 /* [CP] Check Pods Manifest.lock */ = {
			isa = PBXShellScriptBuildPhase;
			buildActionMask = 2147483647;
			files = (
			);
			inputFileListPaths = (
			);
			inputPaths = (
				"${PODS_PODFILE_DIR_PATH}/Podfile.lock",
				"${PODS_ROOT}/Manifest.lock",
			);
			name = "[CP] Check Pods Manifest.lock";
			outputFileListPaths = (
			);
			outputPaths = (
				"$(DERIVED_FILE_DIR)/Pods-A-Gu-checkManifestLockResult.txt",
			);
			runOnlyForDeploymentPostprocessing = 0;
			shellPath = /bin/sh;
			shellScript = "diff \"${PODS_PODFILE_DIR_PATH}/Podfile.lock\" \"${PODS_ROOT}/Manifest.lock\" > /dev/null\nif [ $? != 0 ] ; then\n    # print error to STDERR\n    echo \"error: The sandbox is not in sync with the Podfile.lock. Run 'pod install' or update your CocoaPods installation.\" >&2\n    exit 1\nfi\n# This output is used by Xcode 'outputs' to avoid re-running this script phase.\necho \"SUCCESS\" > \"${SCRIPT_OUTPUT_FILE_0}\"\n";
			showEnvVarsInLog = 0;
		};
/* End PBXShellScriptBuildPhase section */

/* Begin PBXSourcesBuildPhase section */
		22D8EB722464737400F24067 /* Sources */ = {
			isa = PBXSourcesBuildPhase;
			buildActionMask = 2147483647;
			files = (
				22D8EB95246DBDEA00F24067 /* Patient_InstructionsView.swift in Sources */,
				226B48EA24963D5000473DF1 /* PatientInstructionsCardView.swift in Sources */,
				226B48EC24969D3C00473DF1 /* HScrollViewController.swift in Sources */,
				22D8EB7A2464737400F24067 /* AppDelegate.swift in Sources */,
				226B48E42495918F00473DF1 /* PatientInstructionsNavigationBar.swift in Sources */,
				22B2E8022493DAE000FE0D0A /* CalendarView.swift in Sources */,
				22D8EB93246DBDDB00F24067 /* DiscussionView.swift in Sources */,
				22D8EB7C2464737400F24067 /* SceneDelegate.swift in Sources */,
				22D8EB97246DBE0B00F24067 /* SettingView.swift in Sources */,
				226B48E82495FD0A00473DF1 /* PatientInstructionsModel.swift in Sources */,
				22D8EB91246DBDB200F24067 /* HomeView.swift in Sources */,
				22D8EB9B246DC69600F24067 /* LoginView.swift in Sources */,
				226B48E62495FCBF00473DF1 /* PatientInstructionsGridView.swift in Sources */,
				22DB49A2247E84060077B10D /* CardModel.swift in Sources */,
				226B48EE249855E100473DF1 /* HomeView2.swift in Sources */,
				22DB49A6247ECD250077B10D /* profileView.swift in Sources */,
				22D8EB99246DC65F00F24067 /* RecordView.swift in Sources */,
				22D8EB7E2464737400F24067 /* ContentView.swift in Sources */,
			);
			runOnlyForDeploymentPostprocessing = 0;
		};
/* End PBXSourcesBuildPhase section */

/* Begin PBXVariantGroup section */
		22D8EB842464737D00F24067 /* LaunchScreen.storyboard */ = {
			isa = PBXVariantGroup;
			children = (
				22D8EB852464737D00F24067 /* Base */,
			);
			name = LaunchScreen.storyboard;
			sourceTree = "<group>";
		};
/* End PBXVariantGroup section */

/* Begin XCBuildConfiguration section */
		22D8EB882464737D00F24067 /* Debug */ = {
			isa = XCBuildConfiguration;
			buildSettings = {
				ALWAYS_SEARCH_USER_PATHS = NO;
				CLANG_ANALYZER_NONNULL = YES;
				CLANG_ANALYZER_NUMBER_OBJECT_CONVERSION = YES_AGGRESSIVE;
				CLANG_CXX_LANGUAGE_STANDARD = "gnu++14";
				CLANG_CXX_LIBRARY = "libc++";
				CLANG_ENABLE_MODULES = YES;
				CLANG_ENABLE_OBJC_ARC = YES;
				CLANG_ENABLE_OBJC_WEAK = YES;
				CLANG_WARN_BLOCK_CAPTURE_AUTORELEASING = YES;
				CLANG_WARN_BOOL_CONVERSION = YES;
				CLANG_WARN_COMMA = YES;
				CLANG_WARN_CONSTANT_CONVERSION = YES;
				CLANG_WARN_DEPRECATED_OBJC_IMPLEMENTATIONS = YES;
				CLANG_WARN_DIRECT_OBJC_ISA_USAGE = YES_ERROR;
				CLANG_WARN_DOCUMENTATION_COMMENTS = YES;
				CLANG_WARN_EMPTY_BODY = YES;
				CLANG_WARN_ENUM_CONVERSION = YES;
				CLANG_WARN_INFINITE_RECURSION = YES;
				CLANG_WARN_INT_CONVERSION = YES;
				CLANG_WARN_NON_LITERAL_NULL_CONVERSION = YES;
				CLANG_WARN_OBJC_IMPLICIT_RETAIN_SELF = YES;
				CLANG_WARN_OBJC_LITERAL_CONVERSION = YES;
				CLANG_WARN_OBJC_ROOT_CLASS = YES_ERROR;
				CLANG_WARN_RANGE_LOOP_ANALYSIS = YES;
				CLANG_WARN_STRICT_PROTOTYPES = YES;
				CLANG_WARN_SUSPICIOUS_MOVE = YES;
				CLANG_WARN_UNGUARDED_AVAILABILITY = YES_AGGRESSIVE;
				CLANG_WARN_UNREACHABLE_CODE = YES;
				CLANG_WARN__DUPLICATE_METHOD_MATCH = YES;
				COPY_PHASE_STRIP = NO;
				DEBUG_INFORMATION_FORMAT = dwarf;
				ENABLE_STRICT_OBJC_MSGSEND = YES;
				ENABLE_TESTABILITY = YES;
				GCC_C_LANGUAGE_STANDARD = gnu11;
				GCC_DYNAMIC_NO_PIC = NO;
				GCC_NO_COMMON_BLOCKS = YES;
				GCC_OPTIMIZATION_LEVEL = 0;
				GCC_PREPROCESSOR_DEFINITIONS = (
					"DEBUG=1",
					"$(inherited)",
				);
				GCC_WARN_64_TO_32_BIT_CONVERSION = YES;
				GCC_WARN_ABOUT_RETURN_TYPE = YES_ERROR;
				GCC_WARN_UNDECLARED_SELECTOR = YES;
				GCC_WARN_UNINITIALIZED_AUTOS = YES_AGGRESSIVE;
				GCC_WARN_UNUSED_FUNCTION = YES;
				GCC_WARN_UNUSED_VARIABLE = YES;
				IPHONEOS_DEPLOYMENT_TARGET = 13.4;
				MTL_ENABLE_DEBUG_INFO = INCLUDE_SOURCE;
				MTL_FAST_MATH = YES;
				ONLY_ACTIVE_ARCH = YES;
				SDKROOT = iphoneos;
				SWIFT_ACTIVE_COMPILATION_CONDITIONS = DEBUG;
				SWIFT_OPTIMIZATION_LEVEL = "-Onone";
			};
			name = Debug;
		};
		22D8EB892464737D00F24067 /* Release */ = {
			isa = XCBuildConfiguration;
			buildSettings = {
				ALWAYS_SEARCH_USER_PATHS = NO;
				CLANG_ANALYZER_NONNULL = YES;
				CLANG_ANALYZER_NUMBER_OBJECT_CONVERSION = YES_AGGRESSIVE;
				CLANG_CXX_LANGUAGE_STANDARD = "gnu++14";
				CLANG_CXX_LIBRARY = "libc++";
				CLANG_ENABLE_MODULES = YES;
				CLANG_ENABLE_OBJC_ARC = YES;
				CLANG_ENABLE_OBJC_WEAK = YES;
				CLANG_WARN_BLOCK_CAPTURE_AUTORELEASING = YES;
				CLANG_WARN_BOOL_CONVERSION = YES;
				CLANG_WARN_COMMA = YES;
				CLANG_WARN_CONSTANT_CONVERSION = YES;
				CLANG_WARN_DEPRECATED_OBJC_IMPLEMENTATIONS = YES;
				CLANG_WARN_DIRECT_OBJC_ISA_USAGE = YES_ERROR;
				CLANG_WARN_DOCUMENTATION_COMMENTS = YES;
				CLANG_WARN_EMPTY_BODY = YES;
				CLANG_WARN_ENUM_CONVERSION = YES;
				CLANG_WARN_INFINITE_RECURSION = YES;
				CLANG_WARN_INT_CONVERSION = YES;
				CLANG_WARN_NON_LITERAL_NULL_CONVERSION = YES;
				CLANG_WARN_OBJC_IMPLICIT_RETAIN_SELF = YES;
				CLANG_WARN_OBJC_LITERAL_CONVERSION = YES;
				CLANG_WARN_OBJC_ROOT_CLASS = YES_ERROR;
				CLANG_WARN_RANGE_LOOP_ANALYSIS = YES;
				CLANG_WARN_STRICT_PROTOTYPES = YES;
				CLANG_WARN_SUSPICIOUS_MOVE = YES;
				CLANG_WARN_UNGUARDED_AVAILABILITY = YES_AGGRESSIVE;
				CLANG_WARN_UNREACHABLE_CODE = YES;
				CLANG_WARN__DUPLICATE_METHOD_MATCH = YES;
				COPY_PHASE_STRIP = NO;
				DEBUG_INFORMATION_FORMAT = "dwarf-with-dsym";
				ENABLE_NS_ASSERTIONS = NO;
				ENABLE_STRICT_OBJC_MSGSEND = YES;
				GCC_C_LANGUAGE_STANDARD = gnu11;
				GCC_NO_COMMON_BLOCKS = YES;
				GCC_WARN_64_TO_32_BIT_CONVERSION = YES;
				GCC_WARN_ABOUT_RETURN_TYPE = YES_ERROR;
				GCC_WARN_UNDECLARED_SELECTOR = YES;
				GCC_WARN_UNINITIALIZED_AUTOS = YES_AGGRESSIVE;
				GCC_WARN_UNUSED_FUNCTION = YES;
				GCC_WARN_UNUSED_VARIABLE = YES;
				IPHONEOS_DEPLOYMENT_TARGET = 13.4;
				MTL_ENABLE_DEBUG_INFO = NO;
				MTL_FAST_MATH = YES;
				SDKROOT = iphoneos;
				SWIFT_COMPILATION_MODE = wholemodule;
				SWIFT_OPTIMIZATION_LEVEL = "-O";
				VALIDATE_PRODUCT = YES;
			};
			name = Release;
		};
		22D8EB8B2464737D00F24067 /* Debug */ = {
			isa = XCBuildConfiguration;
			baseConfigurationReference = F8D99CFA315D7D5A8088C7FB /* Pods-A-Gu.debug.xcconfig */;
			buildSettings = {
				ASSETCATALOG_COMPILER_APPICON_NAME = AppIcon;
				CODE_SIGN_STYLE = Automatic;
				DEVELOPMENT_ASSET_PATHS = "\"A-Gu/Preview Content\"";
				DEVELOPMENT_TEAM = Z247G8X22D;
				ENABLE_PREVIEWS = YES;
				INFOPLIST_FILE = "A-Gu/Info.plist";
				LD_RUNPATH_SEARCH_PATHS = (
					"$(inherited)",
					"@executable_path/Frameworks",
				);
				MARKETING_VERSION = 1.0.168;
				PRODUCT_BUNDLE_IDENTIFIER = "com.sam0225.A-Gu.Release";
				PRODUCT_NAME = "$(TARGET_NAME)";
				SWIFT_VERSION = 5.0;
				TARGETED_DEVICE_FAMILY = "1,2";
			};
			name = Debug;
		};
		22D8EB8C2464737D00F24067 /* Release */ = {
			isa = XCBuildConfiguration;
			baseConfigurationReference = FBCA9363DA305B16389AE231 /* Pods-A-Gu.release.xcconfig */;
			buildSettings = {
				ASSETCATALOG_COMPILER_APPICON_NAME = AppIcon;
				CODE_SIGN_STYLE = Automatic;
				DEVELOPMENT_ASSET_PATHS = "\"A-Gu/Preview Content\"";
				DEVELOPMENT_TEAM = Z247G8X22D;
				ENABLE_PREVIEWS = YES;
				INFOPLIST_FILE = "A-Gu/Info.plist";
				LD_RUNPATH_SEARCH_PATHS = (
					"$(inherited)",
					"@executable_path/Frameworks",
				);
				MARKETING_VERSION = 1.0.168;
				PRODUCT_BUNDLE_IDENTIFIER = "com.sam0225.A-Gu.Release";
				PRODUCT_NAME = "$(TARGET_NAME)";
				SWIFT_VERSION = 5.0;
				TARGETED_DEVICE_FAMILY = "1,2";
			};
			name = Release;
		};
/* End XCBuildConfiguration section */

/* Begin XCConfigurationList section */
		22D8EB712464737400F24067 /* Build configuration list for PBXProject "A-Gu" */ = {
			isa = XCConfigurationList;
			buildConfigurations = (
				22D8EB882464737D00F24067 /* Debug */,
				22D8EB892464737D00F24067 /* Release */,
			);
			defaultConfigurationIsVisible = 0;
			defaultConfigurationName = Release;
		};
		22D8EB8A2464737D00F24067 /* Build configuration list for PBXNativeTarget "A-Gu" */ = {
			isa = XCConfigurationList;
			buildConfigurations = (
				22D8EB8B2464737D00F24067 /* Debug */,
				22D8EB8C2464737D00F24067 /* Release */,
			);
			defaultConfigurationIsVisible = 0;
			defaultConfigurationName = Release;
		};
/* End XCConfigurationList section */
	};
	rootObject = 22D8EB6E2464737400F24067 /* Project object */;
}
